// !$*UTF8*$!
{
	archiveVersion = 1;
	classes = {
	};
	objectVersion = 56;
	objects = {

/* Begin PBXBuildFile section */
		AB3A9D722A8700D900C9BF5C /* RobotsRaceApp.swift in Sources */ = {isa = PBXBuildFile; fileRef = AB3A9D712A8700D900C9BF5C /* RobotsRaceApp.swift */; };
		AB3A9D742A8700D900C9BF5C /* GameScreen.swift in Sources */ = {isa = PBXBuildFile; fileRef = AB3A9D732A8700D900C9BF5C /* GameScreen.swift */; };
		AB3A9D762A8700DA00C9BF5C /* Assets.xcassets in Resources */ = {isa = PBXBuildFile; fileRef = AB3A9D752A8700DA00C9BF5C /* Assets.xcassets */; };
		AB3A9D792A8700DA00C9BF5C /* Preview Assets.xcassets in Resources */ = {isa = PBXBuildFile; fileRef = AB3A9D782A8700DA00C9BF5C /* Preview Assets.xcassets */; };
		AB3A9D802A87041B00C9BF5C /* Space.swift in Sources */ = {isa = PBXBuildFile; fileRef = AB3A9D7F2A87041B00C9BF5C /* Space.swift */; };
		AB3A9D842A87062800C9BF5C /* Score.swift in Sources */ = {isa = PBXBuildFile; fileRef = AB3A9D832A87062800C9BF5C /* Score.swift */; };
		AB3A9D862A870CBB00C9BF5C /* Board.swift in Sources */ = {isa = PBXBuildFile; fileRef = AB3A9D852A870CBB00C9BF5C /* Board.swift */; };
		AB3A9D882A870D5C00C9BF5C /* Colors.swift in Sources */ = {isa = PBXBuildFile; fileRef = AB3A9D872A870D5C00C9BF5C /* Colors.swift */; };
		AB9820942A90067D000951AA /* GameBoard.swift in Sources */ = {isa = PBXBuildFile; fileRef = AB9820932A90067D000951AA /* GameBoard.swift */; };
		ABAA5F642A884399008E2CB9 /* Direction.swift in Sources */ = {isa = PBXBuildFile; fileRef = ABAA5F632A884399008E2CB9 /* Direction.swift */; };
		ABC168392A8803BA00208892 /* NodeState.swift in Sources */ = {isa = PBXBuildFile; fileRef = ABC168382A8803BA00208892 /* NodeState.swift */; };
		ABC1683B2A88058800208892 /* Game.swift in Sources */ = {isa = PBXBuildFile; fileRef = ABC1683A2A88058800208892 /* Game.swift */; };
		ABC1683E2A8806A800208892 /* BoardViewModel.swift in Sources */ = {isa = PBXBuildFile; fileRef = ABC1683D2A8806A800208892 /* BoardViewModel.swift */; };
		ABDE862D2A8EBB2700DEE793 /* Robot.swift in Sources */ = {isa = PBXBuildFile; fileRef = ABDE862C2A8EBB2700DEE793 /* Robot.swift */; };
		ABDE86322A8EBF0F00DEE793 /* Position.swift in Sources */ = {isa = PBXBuildFile; fileRef = ABDE86312A8EBF0F00DEE793 /* Position.swift */; };
/* End PBXBuildFile section */

/* Begin PBXFileReference section */
		AB3A9D6E2A8700D900C9BF5C /* RobotsRace.app */ = {isa = PBXFileReference; explicitFileType = wrapper.application; includeInIndex = 0; path = RobotsRace.app; sourceTree = BUILT_PRODUCTS_DIR; };
		AB3A9D712A8700D900C9BF5C /* RobotsRaceApp.swift */ = {isa = PBXFileReference; lastKnownFileType = sourcecode.swift; path = RobotsRaceApp.swift; sourceTree = "<group>"; };
		AB3A9D732A8700D900C9BF5C /* GameScreen.swift */ = {isa = PBXFileReference; lastKnownFileType = sourcecode.swift; path = GameScreen.swift; sourceTree = "<group>"; };
		AB3A9D752A8700DA00C9BF5C /* Assets.xcassets */ = {isa = PBXFileReference; lastKnownFileType = folder.assetcatalog; path = Assets.xcassets; sourceTree = "<group>"; };
		AB3A9D782A8700DA00C9BF5C /* Preview Assets.xcassets */ = {isa = PBXFileReference; lastKnownFileType = folder.assetcatalog; path = "Preview Assets.xcassets"; sourceTree = "<group>"; };
		AB3A9D7F2A87041B00C9BF5C /* Space.swift */ = {isa = PBXFileReference; lastKnownFileType = sourcecode.swift; path = Space.swift; sourceTree = "<group>"; };
		AB3A9D832A87062800C9BF5C /* Score.swift */ = {isa = PBXFileReference; lastKnownFileType = sourcecode.swift; path = Score.swift; sourceTree = "<group>"; };
		AB3A9D852A870CBB00C9BF5C /* Board.swift */ = {isa = PBXFileReference; lastKnownFileType = sourcecode.swift; path = Board.swift; sourceTree = "<group>"; };
		AB3A9D872A870D5C00C9BF5C /* Colors.swift */ = {isa = PBXFileReference; lastKnownFileType = sourcecode.swift; path = Colors.swift; sourceTree = "<group>"; };
		AB9820932A90067D000951AA /* GameBoard.swift */ = {isa = PBXFileReference; lastKnownFileType = sourcecode.swift; path = GameBoard.swift; sourceTree = "<group>"; };
		ABAA5F632A884399008E2CB9 /* Direction.swift */ = {isa = PBXFileReference; lastKnownFileType = sourcecode.swift; path = Direction.swift; sourceTree = "<group>"; };
		ABC168382A8803BA00208892 /* NodeState.swift */ = {isa = PBXFileReference; lastKnownFileType = sourcecode.swift; path = NodeState.swift; sourceTree = "<group>"; };
		ABC1683A2A88058800208892 /* Game.swift */ = {isa = PBXFileReference; lastKnownFileType = sourcecode.swift; path = Game.swift; sourceTree = "<group>"; };
		ABC1683D2A8806A800208892 /* BoardViewModel.swift */ = {isa = PBXFileReference; lastKnownFileType = sourcecode.swift; path = BoardViewModel.swift; sourceTree = "<group>"; };
		ABDE862C2A8EBB2700DEE793 /* Robot.swift */ = {isa = PBXFileReference; lastKnownFileType = sourcecode.swift; path = Robot.swift; sourceTree = "<group>"; };
		ABDE86312A8EBF0F00DEE793 /* Position.swift */ = {isa = PBXFileReference; lastKnownFileType = sourcecode.swift; path = Position.swift; sourceTree = "<group>"; };
/* End PBXFileReference section */

/* Begin PBXFrameworksBuildPhase section */
		AB3A9D6B2A8700D900C9BF5C /* Frameworks */ = {
			isa = PBXFrameworksBuildPhase;
			buildActionMask = 2147483647;
			files = (
			);
			runOnlyForDeploymentPostprocessing = 0;
		};
/* End PBXFrameworksBuildPhase section */

/* Begin PBXGroup section */
		AB3A9D652A8700D900C9BF5C = {
			isa = PBXGroup;
			children = (
				AB3A9D702A8700D900C9BF5C /* RobotsRace */,
				AB3A9D6F2A8700D900C9BF5C /* Products */,
			);
			sourceTree = "<group>";
		};
		AB3A9D6F2A8700D900C9BF5C /* Products */ = {
			isa = PBXGroup;
			children = (
				AB3A9D6E2A8700D900C9BF5C /* RobotsRace.app */,
			);
			name = Products;
			sourceTree = "<group>";
		};
		AB3A9D702A8700D900C9BF5C /* RobotsRace */ = {
			isa = PBXGroup;
			children = (
				AB3A9D712A8700D900C9BF5C /* RobotsRaceApp.swift */,
				ABC168342A88028C00208892 /* Models */,
				AB3A9D822A87044800C9BF5C /* Resources */,
				AB3A9D812A87042100C9BF5C /* UI */,
				ABC1683C2A88068000208892 /* View Models */,
			);
			path = RobotsRace;
			sourceTree = "<group>";
		};
		AB3A9D772A8700DA00C9BF5C /* Preview Content */ = {
			isa = PBXGroup;
			children = (
				AB3A9D782A8700DA00C9BF5C /* Preview Assets.xcassets */,
			);
			path = "Preview Content";
			sourceTree = "<group>";
		};
		AB3A9D812A87042100C9BF5C /* UI */ = {
			isa = PBXGroup;
			children = (
				AB3A9D852A870CBB00C9BF5C /* Board.swift */,
				AB3A9D732A8700D900C9BF5C /* GameScreen.swift */,
				AB3A9D872A870D5C00C9BF5C /* Colors.swift */,
				AB3A9D832A87062800C9BF5C /* Score.swift */,
				AB3A9D7F2A87041B00C9BF5C /* Space.swift */,
			);
			path = UI;
			sourceTree = "<group>";
		};
		AB3A9D822A87044800C9BF5C /* Resources */ = {
			isa = PBXGroup;
			children = (
				AB3A9D752A8700DA00C9BF5C /* Assets.xcassets */,
				AB3A9D772A8700DA00C9BF5C /* Preview Content */,
			);
			name = Resources;
			sourceTree = "<group>";
		};
		ABC168342A88028C00208892 /* Models */ = {
			isa = PBXGroup;
			children = (
				ABAA5F632A884399008E2CB9 /* Direction.swift */,
				ABC1683A2A88058800208892 /* Game.swift */,
				AB9820932A90067D000951AA /* GameBoard.swift */,
				ABC168382A8803BA00208892 /* NodeState.swift */,
				ABDE86312A8EBF0F00DEE793 /* Position.swift */,
				ABDE862C2A8EBB2700DEE793 /* Robot.swift */,
			);
			path = Models;
			sourceTree = "<group>";
		};
		ABC1683C2A88068000208892 /* View Models */ = {
			isa = PBXGroup;
			children = (
				ABC1683D2A8806A800208892 /* BoardViewModel.swift */,
			);
			path = "View Models";
			sourceTree = "<group>";
		};
/* End PBXGroup section */

/* Begin PBXNativeTarget section */
		AB3A9D6D2A8700D900C9BF5C /* RobotsRace */ = {
			isa = PBXNativeTarget;
			buildConfigurationList = AB3A9D7C2A8700DA00C9BF5C /* Build configuration list for PBXNativeTarget "RobotsRace" */;
			buildPhases = (
				AB3A9D6A2A8700D900C9BF5C /* Sources */,
				AB3A9D6B2A8700D900C9BF5C /* Frameworks */,
				AB3A9D6C2A8700D900C9BF5C /* Resources */,
			);
			buildRules = (
			);
			dependencies = (
			);
			name = RobotsRace;
			productName = RobotsRace;
			productReference = AB3A9D6E2A8700D900C9BF5C /* RobotsRace.app */;
			productType = "com.apple.product-type.application";
		};
/* End PBXNativeTarget section */

/* Begin PBXProject section */
		AB3A9D662A8700D900C9BF5C /* Project object */ = {
			isa = PBXProject;
			attributes = {
				BuildIndependentTargetsInParallel = 1;
				LastSwiftUpdateCheck = 1430;
				LastUpgradeCheck = 1430;
				TargetAttributes = {
					AB3A9D6D2A8700D900C9BF5C = {
						CreatedOnToolsVersion = 14.3;
					};
				};
			};
			buildConfigurationList = AB3A9D692A8700D900C9BF5C /* Build configuration list for PBXProject "RobotsRace" */;
			compatibilityVersion = "Xcode 14.0";
			developmentRegion = en;
			hasScannedForEncodings = 0;
			knownRegions = (
				en,
				Base,
			);
			mainGroup = AB3A9D652A8700D900C9BF5C;
			productRefGroup = AB3A9D6F2A8700D900C9BF5C /* Products */;
			projectDirPath = "";
			projectRoot = "";
			targets = (
				AB3A9D6D2A8700D900C9BF5C /* RobotsRace */,
			);
		};
/* End PBXProject section */

/* Begin PBXResourcesBuildPhase section */
		AB3A9D6C2A8700D900C9BF5C /* Resources */ = {
			isa = PBXResourcesBuildPhase;
			buildActionMask = 2147483647;
			files = (
				AB3A9D792A8700DA00C9BF5C /* Preview Assets.xcassets in Resources */,
				AB3A9D762A8700DA00C9BF5C /* Assets.xcassets in Resources */,
			);
			runOnlyForDeploymentPostprocessing = 0;
		};
/* End PBXResourcesBuildPhase section */

/* Begin PBXSourcesBuildPhase section */
		AB3A9D6A2A8700D900C9BF5C /* Sources */ = {
			isa = PBXSourcesBuildPhase;
			buildActionMask = 2147483647;
			files = (
				AB3A9D742A8700D900C9BF5C /* GameScreen.swift in Sources */,
				ABC1683B2A88058800208892 /* Game.swift in Sources */,
				ABDE862D2A8EBB2700DEE793 /* Robot.swift in Sources */,
				AB3A9D722A8700D900C9BF5C /* RobotsRaceApp.swift in Sources */,
				AB3A9D862A870CBB00C9BF5C /* Board.swift in Sources */,
				AB3A9D842A87062800C9BF5C /* Score.swift in Sources */,
				AB9820942A90067D000951AA /* GameBoard.swift in Sources */,
				AB3A9D802A87041B00C9BF5C /* Space.swift in Sources */,
				AB3A9D882A870D5C00C9BF5C /* Colors.swift in Sources */,
				ABC168392A8803BA00208892 /* NodeState.swift in Sources */,
				ABC1683E2A8806A800208892 /* BoardViewModel.swift in Sources */,
				ABDE86322A8EBF0F00DEE793 /* Position.swift in Sources */,
				ABAA5F642A884399008E2CB9 /* Direction.swift in Sources */,
			);
			runOnlyForDeploymentPostprocessing = 0;
		};
/* End PBXSourcesBuildPhase section */

/* Begin XCBuildConfiguration section */
		AB3A9D7A2A8700DA00C9BF5C /* Debug */ = {
			isa = XCBuildConfiguration;
			buildSettings = {
				ALWAYS_SEARCH_USER_PATHS = NO;
				CLANG_ANALYZER_NONNULL = YES;
				CLANG_ANALYZER_NUMBER_OBJECT_CONVERSION = YES_AGGRESSIVE;
				CLANG_CXX_LANGUAGE_STANDARD = "gnu++20";
				CLANG_ENABLE_MODULES = YES;
				CLANG_ENABLE_OBJC_ARC = YES;
				CLANG_ENABLE_OBJC_WEAK = YES;
				CLANG_WARN_BLOCK_CAPTURE_AUTORELEASING = YES;
				CLANG_WARN_BOOL_CONVERSION = YES;
				CLANG_WARN_COMMA = YES;
				CLANG_WARN_CONSTANT_CONVERSION = YES;
				CLANG_WARN_DEPRECATED_OBJC_IMPLEMENTATIONS = YES;
				CLANG_WARN_DIRECT_OBJC_ISA_USAGE = YES_ERROR;
				CLANG_WARN_DOCUMENTATION_COMMENTS = YES;
				CLANG_WARN_EMPTY_BODY = YES;
				CLANG_WARN_ENUM_CONVERSION = YES;
				CLANG_WARN_INFINITE_RECURSION = YES;
				CLANG_WARN_INT_CONVERSION = YES;
				CLANG_WARN_NON_LITERAL_NULL_CONVERSION = YES;
				CLANG_WARN_OBJC_IMPLICIT_RETAIN_SELF = YES;
				CLANG_WARN_OBJC_LITERAL_CONVERSION = YES;
				CLANG_WARN_OBJC_ROOT_CLASS = YES_ERROR;
				CLANG_WARN_QUOTED_INCLUDE_IN_FRAMEWORK_HEADER = YES;
				CLANG_WARN_RANGE_LOOP_ANALYSIS = YES;
				CLANG_WARN_STRICT_PROTOTYPES = YES;
				CLANG_WARN_SUSPICIOUS_MOVE = YES;
				CLANG_WARN_UNGUARDED_AVAILABILITY = YES_AGGRESSIVE;
				CLANG_WARN_UNREACHABLE_CODE = YES;
				CLANG_WARN__DUPLICATE_METHOD_MATCH = YES;
				COPY_PHASE_STRIP = NO;
				DEBUG_INFORMATION_FORMAT = dwarf;
				ENABLE_STRICT_OBJC_MSGSEND = YES;
				ENABLE_TESTABILITY = YES;
				GCC_C_LANGUAGE_STANDARD = gnu11;
				GCC_DYNAMIC_NO_PIC = NO;
				GCC_NO_COMMON_BLOCKS = YES;
				GCC_OPTIMIZATION_LEVEL = 0;
				GCC_PREPROCESSOR_DEFINITIONS = (
					"DEBUG=1",
					"$(inherited)",
				);
				GCC_WARN_64_TO_32_BIT_CONVERSION = YES;
				GCC_WARN_ABOUT_RETURN_TYPE = YES_ERROR;
				GCC_WARN_UNDECLARED_SELECTOR = YES;
				GCC_WARN_UNINITIALIZED_AUTOS = YES_AGGRESSIVE;
				GCC_WARN_UNUSED_FUNCTION = YES;
				GCC_WARN_UNUSED_VARIABLE = YES;
				IPHONEOS_DEPLOYMENT_TARGET = 16.4;
				MTL_ENABLE_DEBUG_INFO = INCLUDE_SOURCE;
				MTL_FAST_MATH = YES;
				ONLY_ACTIVE_ARCH = YES;
				SDKROOT = iphoneos;
				SWIFT_ACTIVE_COMPILATION_CONDITIONS = DEBUG;
				SWIFT_OPTIMIZATION_LEVEL = "-Onone";
			};
			name = Debug;
		};
		AB3A9D7B2A8700DA00C9BF5C /* Release */ = {
			isa = XCBuildConfiguration;
			buildSettings = {
				ALWAYS_SEARCH_USER_PATHS = NO;
				CLANG_ANALYZER_NONNULL = YES;
				CLANG_ANALYZER_NUMBER_OBJECT_CONVERSION = YES_AGGRESSIVE;
				CLANG_CXX_LANGUAGE_STANDARD = "gnu++20";
				CLANG_ENABLE_MODULES = YES;
				CLANG_ENABLE_OBJC_ARC = YES;
				CLANG_ENABLE_OBJC_WEAK = YES;
				CLANG_WARN_BLOCK_CAPTURE_AUTORELEASING = YES;
				CLANG_WARN_BOOL_CONVERSION = YES;
				CLANG_WARN_COMMA = YES;
				CLANG_WARN_CONSTANT_CONVERSION = YES;
				CLANG_WARN_DEPRECATED_OBJC_IMPLEMENTATIONS = YES;
				CLANG_WARN_DIRECT_OBJC_ISA_USAGE = YES_ERROR;
				CLANG_WARN_DOCUMENTATION_COMMENTS = YES;
				CLANG_WARN_EMPTY_BODY = YES;
				CLANG_WARN_ENUM_CONVERSION = YES;
				CLANG_WARN_INFINITE_RECURSION = YES;
				CLANG_WARN_INT_CONVERSION = YES;
				CLANG_WARN_NON_LITERAL_NULL_CONVERSION = YES;
				CLANG_WARN_OBJC_IMPLICIT_RETAIN_SELF = YES;
				CLANG_WARN_OBJC_LITERAL_CONVERSION = YES;
				CLANG_WARN_OBJC_ROOT_CLASS = YES_ERROR;
				CLANG_WARN_QUOTED_INCLUDE_IN_FRAMEWORK_HEADER = YES;
				CLANG_WARN_RANGE_LOOP_ANALYSIS = YES;
				CLANG_WARN_STRICT_PROTOTYPES = YES;
				CLANG_WARN_SUSPICIOUS_MOVE = YES;
				CLANG_WARN_UNGUARDED_AVAILABILITY = YES_AGGRESSIVE;
				CLANG_WARN_UNREACHABLE_CODE = YES;
				CLANG_WARN__DUPLICATE_METHOD_MATCH = YES;
				COPY_PHASE_STRIP = NO;
				DEBUG_INFORMATION_FORMAT = "dwarf-with-dsym";
				ENABLE_NS_ASSERTIONS = NO;
				ENABLE_STRICT_OBJC_MSGSEND = YES;
				GCC_C_LANGUAGE_STANDARD = gnu11;
				GCC_NO_COMMON_BLOCKS = YES;
				GCC_WARN_64_TO_32_BIT_CONVERSION = YES;
				GCC_WARN_ABOUT_RETURN_TYPE = YES_ERROR;
				GCC_WARN_UNDECLARED_SELECTOR = YES;
				GCC_WARN_UNINITIALIZED_AUTOS = YES_AGGRESSIVE;
				GCC_WARN_UNUSED_FUNCTION = YES;
				GCC_WARN_UNUSED_VARIABLE = YES;
				IPHONEOS_DEPLOYMENT_TARGET = 16.4;
				MTL_ENABLE_DEBUG_INFO = NO;
				MTL_FAST_MATH = YES;
				SDKROOT = iphoneos;
				SWIFT_COMPILATION_MODE = wholemodule;
				SWIFT_OPTIMIZATION_LEVEL = "-O";
				VALIDATE_PRODUCT = YES;
			};
			name = Release;
		};
		AB3A9D7D2A8700DA00C9BF5C /* Debug */ = {
			isa = XCBuildConfiguration;
			buildSettings = {
				ASSETCATALOG_COMPILER_APPICON_NAME = AppIcon;
				ASSETCATALOG_COMPILER_GLOBAL_ACCENT_COLOR_NAME = AccentColor;
				CODE_SIGN_STYLE = Automatic;
				CURRENT_PROJECT_VERSION = 1;
				DEVELOPMENT_ASSET_PATHS = "\"RobotsRace/Preview Content\"";
				ENABLE_PREVIEWS = YES;
				GENERATE_INFOPLIST_FILE = YES;
				INFOPLIST_KEY_UIApplicationSceneManifest_Generation = YES;
				INFOPLIST_KEY_UIApplicationSupportsIndirectInputEvents = YES;
				INFOPLIST_KEY_UILaunchScreen_Generation = YES;
				INFOPLIST_KEY_UISupportedInterfaceOrientations_iPad = "UIInterfaceOrientationPortrait UIInterfaceOrientationPortraitUpsideDown UIInterfaceOrientationLandscapeLeft UIInterfaceOrientationLandscapeRight";
				INFOPLIST_KEY_UISupportedInterfaceOrientations_iPhone = "UIInterfaceOrientationPortrait UIInterfaceOrientationLandscapeLeft UIInterfaceOrientationLandscapeRight";
				LD_RUNPATH_SEARCH_PATHS = (
					"$(inherited)",
					"@executable_path/Frameworks",
				);
				MARKETING_VERSION = 1.0;
				PRODUCT_BUNDLE_IDENTIFIER = jonathan.RobotsRace;
				PRODUCT_NAME = "$(TARGET_NAME)";
				SWIFT_EMIT_LOC_STRINGS = YES;
				SWIFT_VERSION = 5.0;
				TARGETED_DEVICE_FAMILY = "1,2";
			};
			name = Debug;
		};
		AB3A9D7E2A8700DA00C9BF5C /* Release */ = {
			isa = XCBuildConfiguration;
			buildSettings = {
				ASSETCATALOG_COMPILER_APPICON_NAME = AppIcon;
				ASSETCATALOG_COMPILER_GLOBAL_ACCENT_COLOR_NAME = AccentColor;
				CODE_SIGN_STYLE = Automatic;
				CURRENT_PROJECT_VERSION = 1;
				DEVELOPMENT_ASSET_PATHS = "\"RobotsRace/Preview Content\"";
				ENABLE_PREVIEWS = YES;
				GENERATE_INFOPLIST_FILE = YES;
				INFOPLIST_KEY_UIApplicationSceneManifest_Generation = YES;
				INFOPLIST_KEY_UIApplicationSupportsIndirectInputEvents = YES;
				INFOPLIST_KEY_UILaunchScreen_Generation = YES;
				INFOPLIST_KEY_UISupportedInterfaceOrientations_iPad = "UIInterfaceOrientationPortrait UIInterfaceOrientationPortraitUpsideDown UIInterfaceOrientationLandscapeLeft UIInterfaceOrientationLandscapeRight";
				INFOPLIST_KEY_UISupportedInterfaceOrientations_iPhone = "UIInterfaceOrientationPortrait UIInterfaceOrientationLandscapeLeft UIInterfaceOrientationLandscapeRight";
				LD_RUNPATH_SEARCH_PATHS = (
					"$(inherited)",
					"@executable_path/Frameworks",
				);
				MARKETING_VERSION = 1.0;
				PRODUCT_BUNDLE_IDENTIFIER = jonathan.RobotsRace;
				PRODUCT_NAME = "$(TARGET_NAME)";
				SWIFT_EMIT_LOC_STRINGS = YES;
				SWIFT_VERSION = 5.0;
				TARGETED_DEVICE_FAMILY = "1,2";
			};
			name = Release;
		};
/* End XCBuildConfiguration section */

/* Begin XCConfigurationList section */
		AB3A9D692A8700D900C9BF5C /* Build configuration list for PBXProject "RobotsRace" */ = {
			isa = XCConfigurationList;
			buildConfigurations = (
				AB3A9D7A2A8700DA00C9BF5C /* Debug */,
				AB3A9D7B2A8700DA00C9BF5C /* Release */,
			);
			defaultConfigurationIsVisible = 0;
			defaultConfigurationName = Release;
		};
		AB3A9D7C2A8700DA00C9BF5C /* Build configuration list for PBXNativeTarget "RobotsRace" */ = {
			isa = XCConfigurationList;
			buildConfigurations = (
				AB3A9D7D2A8700DA00C9BF5C /* Debug */,
				AB3A9D7E2A8700DA00C9BF5C /* Release */,
			);
			defaultConfigurationIsVisible = 0;
			defaultConfigurationName = Release;
		};
/* End XCConfigurationList section */
	};
	rootObject = AB3A9D662A8700D900C9BF5C /* Project object */;
}
